// !$*UTF8*$!
{
	archiveVersion = 1;
	classes = {
	};
	objectVersion = 77;
	objects = {

/* Begin PBXContainerItemProxy section */
		D56AD7A52E6A4C3A00103E54 /* PBXContainerItemProxy */ = {
			isa = PBXContainerItemProxy;
			containerPortal = D56AD78F2E6A4C3900103E54 /* Project object */;
			proxyType = 1;
			remoteGlobalIDString = D56AD7962E6A4C3900103E54;
			remoteInfo = PawMap;
		};
		D56AD7AF2E6A4C3A00103E54 /* PBXContainerItemProxy */ = {
			isa = PBXContainerItemProxy;
			containerPortal = D56AD78F2E6A4C3900103E54 /* Project object */;
			proxyType = 1;
			remoteGlobalIDString = D56AD7962E6A4C3900103E54;
			remoteInfo = PawMap;
		};
/* End PBXContainerItemProxy section */

/* Begin PBXFileReference section */
		D56AD7972E6A4C3900103E54 /* PawMap.app */ = {isa = PBXFileReference; explicitFileType = wrapper.application; includeInIndex = 0; path = PawMap.app; sourceTree = BUILT_PRODUCTS_DIR; };
		D56AD7A42E6A4C3A00103E54 /* PawMapTests.xctest */ = {isa = PBXFileReference; explicitFileType = wrapper.cfbundle; includeInIndex = 0; path = PawMapTests.xctest; sourceTree = BUILT_PRODUCTS_DIR; };
		D56AD7AE2E6A4C3A00103E54 /* PawMapUITests.xctest */ = {isa = PBXFileReference; explicitFileType = wrapper.cfbundle; includeInIndex = 0; path = PawMapUITests.xctest; sourceTree = BUILT_PRODUCTS_DIR; };
/* End PBXFileReference section */

/* Begin PBXFileSystemSynchronizedRootGroup section */
		D56AD7992E6A4C3900103E54 /* PawMap */ = {
			isa = PBXFileSystemSynchronizedRootGroup;
			path = PawMap;
			sourceTree = "<group>";
		};
		D56AD7A72E6A4C3A00103E54 /* PawMapTests */ = {
			isa = PBXFileSystemSynchronizedRootGroup;
			path = PawMapTests;
			sourceTree = "<group>";
		};
		D56AD7B12E6A4C3A00103E54 /* PawMapUITests */ = {
			isa = PBXFileSystemSynchronizedRootGroup;
			path = PawMapUITests;
			sourceTree = "<group>";
		};
/* End PBXFileSystemSynchronizedRootGroup section */

/* Begin PBXFrameworksBuildPhase section */
		D56AD7942E6A4C3900103E54 /* Frameworks */ = {
			isa = PBXFrameworksBuildPhase;
			buildActionMask = 2147483647;
			files = (
			);
			runOnlyForDeploymentPostprocessing = 0;
		};
		D56AD7A12E6A4C3A00103E54 /* Frameworks */ = {
			isa = PBXFrameworksBuildPhase;
			buildActionMask = 2147483647;
			files = (
			);
			runOnlyForDeploymentPostprocessing = 0;
		};
		D56AD7AB2E6A4C3A00103E54 /* Frameworks */ = {
			isa = PBXFrameworksBuildPhase;
			buildActionMask = 2147483647;
			files = (
			);
			runOnlyForDeploymentPostprocessing = 0;
		};
/* End PBXFrameworksBuildPhase section */

/* Begin PBXGroup section */
		D56AD78E2E6A4C3900103E54 = {
			isa = PBXGroup;
			children = (
				D56AD7992E6A4C3900103E54 /* PawMap */,
				D56AD7A72E6A4C3A00103E54 /* PawMapTests */,
				D56AD7B12E6A4C3A00103E54 /* PawMapUITests */,
				D56AD7982E6A4C3900103E54 /* Products */,
			);
			sourceTree = "<group>";
		};
		D56AD7982E6A4C3900103E54 /* Products */ = {
			isa = PBXGroup;
			children = (
				D56AD7972E6A4C3900103E54 /* PawMap.app */,
				D56AD7A42E6A4C3A00103E54 /* PawMapTests.xctest */,
				D56AD7AE2E6A4C3A00103E54 /* PawMapUITests.xctest */,
			);
			name = Products;
			sourceTree = "<group>";
		};
/* End PBXGroup section */

/* Begin PBXNativeTarget section */
		D56AD7962E6A4C3900103E54 /* PawMap */ = {
			isa = PBXNativeTarget;
			buildConfigurationList = D56AD7B82E6A4C3A00103E54 /* Build configuration list for PBXNativeTarget "PawMap" */;
			buildPhases = (
				D56AD7932E6A4C3900103E54 /* Sources */,
				D56AD7942E6A4C3900103E54 /* Frameworks */,
				D56AD7952E6A4C3900103E54 /* Resources */,
			);
			buildRules = (
			);
			dependencies = (
			);
			fileSystemSynchronizedGroups = (
				D56AD7992E6A4C3900103E54 /* PawMap */,
			);
			name = PawMap;
			packageProductDependencies = (
			);
			productName = PawMap;
			productReference = D56AD7972E6A4C3900103E54 /* PawMap.app */;
			productType = "com.apple.product-type.application";
		};
		D56AD7A32E6A4C3A00103E54 /* PawMapTests */ = {
			isa = PBXNativeTarget;
			buildConfigurationList = D56AD7BB2E6A4C3A00103E54 /* Build configuration list for PBXNativeTarget "PawMapTests" */;
			buildPhases = (
				D56AD7A02E6A4C3A00103E54 /* Sources */,
				D56AD7A12E6A4C3A00103E54 /* Frameworks */,
				D56AD7A22E6A4C3A00103E54 /* Resources */,
			);
			buildRules = (
			);
			dependencies = (
				D56AD7A62E6A4C3A00103E54 /* PBXTargetDependency */,
			);
			fileSystemSynchronizedGroups = (
				D56AD7A72E6A4C3A00103E54 /* PawMapTests */,
			);
			name = PawMapTests;
			packageProductDependencies = (
			);
			productName = PawMapTests;
			productReference = D56AD7A42E6A4C3A00103E54 /* PawMapTests.xctest */;
			productType = "com.apple.product-type.bundle.unit-test";
		};
		D56AD7AD2E6A4C3A00103E54 /* PawMapUITests */ = {
			isa = PBXNativeTarget;
			buildConfigurationList = D56AD7BE2E6A4C3A00103E54 /* Build configuration list for PBXNativeTarget "PawMapUITests" */;
			buildPhases = (
				D56AD7AA2E6A4C3A00103E54 /* Sources */,
				D56AD7AB2E6A4C3A00103E54 /* Frameworks */,
				D56AD7AC2E6A4C3A00103E54 /* Resources */,
			);
			buildRules = (
			);
			dependencies = (
				D56AD7B02E6A4C3A00103E54 /* PBXTargetDependency */,
			);
			fileSystemSynchronizedGroups = (
				D56AD7B12E6A4C3A00103E54 /* PawMapUITests */,
			);
			name = PawMapUITests;
			packageProductDependencies = (
			);
			productName = PawMapUITests;
			productReference = D56AD7AE2E6A4C3A00103E54 /* PawMapUITests.xctest */;
			productType = "com.apple.product-type.bundle.ui-testing";
		};
/* End PBXNativeTarget section */

/* Begin PBXProject section */
		D56AD78F2E6A4C3900103E54 /* Project object */ = {
			isa = PBXProject;
			attributes = {
				BuildIndependentTargetsInParallel = 1;
				LastSwiftUpdateCheck = 1640;
				LastUpgradeCheck = 1640;
				TargetAttributes = {
					D56AD7962E6A4C3900103E54 = {
						CreatedOnToolsVersion = 16.4;
					};
					D56AD7A32E6A4C3A00103E54 = {
						CreatedOnToolsVersion = 16.4;
						TestTargetID = D56AD7962E6A4C3900103E54;
					};
					D56AD7AD2E6A4C3A00103E54 = {
						CreatedOnToolsVersion = 16.4;
						TestTargetID = D56AD7962E6A4C3900103E54;
					};
				};
			};
			buildConfigurationList = D56AD7922E6A4C3900103E54 /* Build configuration list for PBXProject "PawMap" */;
			developmentRegion = en;
			hasScannedForEncodings = 0;
			knownRegions = (
				en,
				Base,
			);
			mainGroup = D56AD78E2E6A4C3900103E54;
			minimizedProjectReferenceProxies = 1;
			preferredProjectObjectVersion = 77;
			productRefGroup = D56AD7982E6A4C3900103E54 /* Products */;
			projectDirPath = "";
			projectRoot = "";
			targets = (
				D56AD7962E6A4C3900103E54 /* PawMap */,
				D56AD7A32E6A4C3A00103E54 /* PawMapTests */,
				D56AD7AD2E6A4C3A00103E54 /* PawMapUITests */,
			);
		};
/* End PBXProject section */

/* Begin PBXResourcesBuildPhase section */
		D56AD7952E6A4C3900103E54 /* Resources */ = {
			isa = PBXResourcesBuildPhase;
			buildActionMask = 2147483647;
			files = (
			);
			runOnlyForDeploymentPostprocessing = 0;
		};
		D56AD7A22E6A4C3A00103E54 /* Resources */ = {
			isa = PBXResourcesBuildPhase;
			buildActionMask = 2147483647;
			files = (
			);
			runOnlyForDeploymentPostprocessing = 0;
		};
		D56AD7AC2E6A4C3A00103E54 /* Resources */ = {
			isa = PBXResourcesBuildPhase;
			buildActionMask = 2147483647;
			files = (
			);
			runOnlyForDeploymentPostprocessing = 0;
		};
/* End PBXResourcesBuildPhase section */

/* Begin PBXSourcesBuildPhase section */
		D56AD7932E6A4C3900103E54 /* Sources */ = {
			isa = PBXSourcesBuildPhase;
			buildActionMask = 2147483647;
			files = (
			);
			runOnlyForDeploymentPostprocessing = 0;
		};
		D56AD7A02E6A4C3A00103E54 /* Sources */ = {
			isa = PBXSourcesBuildPhase;
			buildActionMask = 2147483647;
			files = (
			);
			runOnlyForDeploymentPostprocessing = 0;
		};
		D56AD7AA2E6A4C3A00103E54 /* Sources */ = {
			isa = PBXSourcesBuildPhase;
			buildActionMask = 2147483647;
			files = (
			);
			runOnlyForDeploymentPostprocessing = 0;
		};
/* End PBXSourcesBuildPhase section */

/* Begin PBXTargetDependency section */
		D56AD7A62E6A4C3A00103E54 /* PBXTargetDependency */ = {
			isa = PBXTargetDependency;
			target = D56AD7962E6A4C3900103E54 /* PawMap */;
			targetProxy = D56AD7A52E6A4C3A00103E54 /* PBXContainerItemProxy */;
		};
		D56AD7B02E6A4C3A00103E54 /* PBXTargetDependency */ = {
			isa = PBXTargetDependency;
			target = D56AD7962E6A4C3900103E54 /* PawMap */;
			targetProxy = D56AD7AF2E6A4C3A00103E54 /* PBXContainerItemProxy */;
		};
/* End PBXTargetDependency section */

/* Begin XCBuildConfiguration section */
		D56AD7B62E6A4C3A00103E54 /* Debug */ = {
			isa = XCBuildConfiguration;
			buildSettings = {
				ALWAYS_SEARCH_USER_PATHS = NO;
				ASSETCATALOG_COMPILER_GENERATE_SWIFT_ASSET_SYMBOL_EXTENSIONS = YES;
				CLANG_ANALYZER_NONNULL = YES;
				CLANG_ANALYZER_NUMBER_OBJECT_CONVERSION = YES_AGGRESSIVE;
				CLANG_CXX_LANGUAGE_STANDARD = "gnu++20";
				CLANG_ENABLE_MODULES = YES;
				CLANG_ENABLE_OBJC_ARC = YES;
				CLANG_ENABLE_OBJC_WEAK = YES;
				CLANG_WARN_BLOCK_CAPTURE_AUTORELEASING = YES;
				CLANG_WARN_BOOL_CONVERSION = YES;
				CLANG_WARN_COMMA = YES;
				CLANG_WARN_CONSTANT_CONVERSION = YES;
				CLANG_WARN_DEPRECATED_OBJC_IMPLEMENTATIONS = YES;
				CLANG_WARN_DIRECT_OBJC_ISA_USAGE = YES_ERROR;
				CLANG_WARN_DOCUMENTATION_COMMENTS = YES;
				CLANG_WARN_EMPTY_BODY = YES;
				CLANG_WARN_ENUM_CONVERSION = YES;
				CLANG_WARN_INFINITE_RECURSION = YES;
				CLANG_WARN_INT_CONVERSION = YES;
				CLANG_WARN_NON_LITERAL_NULL_CONVERSION = YES;
				CLANG_WARN_OBJC_IMPLICIT_RETAIN_SELF = YES;
				CLANG_WARN_OBJC_LITERAL_CONVERSION = YES;
				CLANG_WARN_OBJC_ROOT_CLASS = YES_ERROR;
				CLANG_WARN_QUOTED_INCLUDE_IN_FRAMEWORK_HEADER = YES;
				CLANG_WARN_RANGE_LOOP_ANALYSIS = YES;
				CLANG_WARN_STRICT_PROTOTYPES = YES;
				CLANG_WARN_SUSPICIOUS_MOVE = YES;
				CLANG_WARN_UNGUARDED_AVAILABILITY = YES_AGGRESSIVE;
				CLANG_WARN_UNREACHABLE_CODE = YES;
				CLANG_WARN__DUPLICATE_METHOD_MATCH = YES;
				COPY_PHASE_STRIP = NO;
				DEBUG_INFORMATION_FORMAT = dwarf;
				ENABLE_STRICT_OBJC_MSGSEND = YES;
				ENABLE_TESTABILITY = YES;
				ENABLE_USER_SCRIPT_SANDBOXING = YES;
				GCC_C_LANGUAGE_STANDARD = gnu17;
				GCC_DYNAMIC_NO_PIC = NO;
				GCC_NO_COMMON_BLOCKS = YES;
				GCC_OPTIMIZATION_LEVEL = 0;
				GCC_PREPROCESSOR_DEFINITIONS = (
					"DEBUG=1",
					"$(inherited)",
				);
				GCC_WARN_64_TO_32_BIT_CONVERSION = YES;
				GCC_WARN_ABOUT_RETURN_TYPE = YES_ERROR;
				GCC_WARN_UNDECLARED_SELECTOR = YES;
				GCC_WARN_UNINITIALIZED_AUTOS = YES_AGGRESSIVE;
				GCC_WARN_UNUSED_FUNCTION = YES;
				GCC_WARN_UNUSED_VARIABLE = YES;
				IPHONEOS_DEPLOYMENT_TARGET = 18.5;
				LOCALIZATION_PREFERS_STRING_CATALOGS = YES;
				MTL_ENABLE_DEBUG_INFO = INCLUDE_SOURCE;
				MTL_FAST_MATH = YES;
				ONLY_ACTIVE_ARCH = YES;
				SDKROOT = iphoneos;
				SWIFT_ACTIVE_COMPILATION_CONDITIONS = "DEBUG $(inherited)";
				SWIFT_OPTIMIZATION_LEVEL = "-Onone";
			};
			name = Debug;
		};
		D56AD7B72E6A4C3A00103E54 /* Release */ = {
			isa = XCBuildConfiguration;
			buildSettings = {
				ALWAYS_SEARCH_USER_PATHS = NO;
				ASSETCATALOG_COMPILER_GENERATE_SWIFT_ASSET_SYMBOL_EXTENSIONS = YES;
				CLANG_ANALYZER_NONNULL = YES;
				CLANG_ANALYZER_NUMBER_OBJECT_CONVERSION = YES_AGGRESSIVE;
				CLANG_CXX_LANGUAGE_STANDARD = "gnu++20";
				CLANG_ENABLE_MODULES = YES;
				CLANG_ENABLE_OBJC_ARC = YES;
				CLANG_ENABLE_OBJC_WEAK = YES;
				CLANG_WARN_BLOCK_CAPTURE_AUTORELEASING = YES;
				CLANG_WARN_BOOL_CONVERSION = YES;
				CLANG_WARN_COMMA = YES;
				CLANG_WARN_CONSTANT_CONVERSION = YES;
				CLANG_WARN_DEPRECATED_OBJC_IMPLEMENTATIONS = YES;
				CLANG_WARN_DIRECT_OBJC_ISA_USAGE = YES_ERROR;
				CLANG_WARN_DOCUMENTATION_COMMENTS = YES;
				CLANG_WARN_EMPTY_BODY = YES;
				CLANG_WARN_ENUM_CONVERSION = YES;
				CLANG_WARN_INFINITE_RECURSION = YES;
				CLANG_WARN_INT_CONVERSION = YES;
				CLANG_WARN_NON_LITERAL_NULL_CONVERSION = YES;
				CLANG_WARN_OBJC_IMPLICIT_RETAIN_SELF = YES;
				CLANG_WARN_OBJC_LITERAL_CONVERSION = YES;
				CLANG_WARN_OBJC_ROOT_CLASS = YES_ERROR;
				CLANG_WARN_QUOTED_INCLUDE_IN_FRAMEWORK_HEADER = YES;
				CLANG_WARN_RANGE_LOOP_ANALYSIS = YES;
				CLANG_WARN_STRICT_PROTOTYPES = YES;
				CLANG_WARN_SUSPICIOUS_MOVE = YES;
				CLANG_WARN_UNGUARDED_AVAILABILITY = YES_AGGRESSIVE;
				CLANG_WARN_UNREACHABLE_CODE = YES;
				CLANG_WARN__DUPLICATE_METHOD_MATCH = YES;
				COPY_PHASE_STRIP = NO;
				DEBUG_INFORMATION_FORMAT = "dwarf-with-dsym";
				ENABLE_NS_ASSERTIONS = NO;
				ENABLE_STRICT_OBJC_MSGSEND = YES;
				ENABLE_USER_SCRIPT_SANDBOXING = YES;
				GCC_C_LANGUAGE_STANDARD = gnu17;
				GCC_NO_COMMON_BLOCKS = YES;
				GCC_WARN_64_TO_32_BIT_CONVERSION = YES;
				GCC_WARN_ABOUT_RETURN_TYPE = YES_ERROR;
				GCC_WARN_UNDECLARED_SELECTOR = YES;
				GCC_WARN_UNINITIALIZED_AUTOS = YES_AGGRESSIVE;
				GCC_WARN_UNUSED_FUNCTION = YES;
				GCC_WARN_UNUSED_VARIABLE = YES;
				IPHONEOS_DEPLOYMENT_TARGET = 18.5;
				LOCALIZATION_PREFERS_STRING_CATALOGS = YES;
				MTL_ENABLE_DEBUG_INFO = NO;
				MTL_FAST_MATH = YES;
				SDKROOT = iphoneos;
				SWIFT_COMPILATION_MODE = wholemodule;
				VALIDATE_PRODUCT = YES;
			};
			name = Release;
		};
		D56AD7B92E6A4C3A00103E54 /* Debug */ = {
			isa = XCBuildConfiguration;
			buildSettings = {
				ASSETCATALOG_COMPILER_APPICON_NAME = AppIcon;
				ASSETCATALOG_COMPILER_GLOBAL_ACCENT_COLOR_NAME = AccentColor;
				CODE_SIGN_STYLE = Automatic;
				CURRENT_PROJECT_VERSION = 1;
				ENABLE_PREVIEWS = YES;
				GENERATE_INFOPLIST_FILE = YES;
				INFOPLIST_KEY_NSLocationAlwaysAndWhenInUseUsageDescription = "PawMap needs access to your location to show nearby dog-friendly places and help you find the best spots for you and your furry friend.";
				INFOPLIST_KEY_NSLocationWhenInUseUsageDescription = "PawMap needs access to your location to show nearby dog-friendly places and help you find the best spots for you and your furry friend.";
				INFOPLIST_KEY_UIApplicationSceneManifest_Generation = YES;
				INFOPLIST_KEY_UIApplicationSupportsIndirectInputEvents = YES;
				INFOPLIST_KEY_UILaunchScreen_Generation = YES;
				INFOPLIST_KEY_UISupportedInterfaceOrientations_iPad = "UIInterfaceOrientationPortrait UIInterfaceOrientationPortraitUpsideDown UIInterfaceOrientationLandscapeLeft UIInterfaceOrientationLandscapeRight";
				INFOPLIST_KEY_UISupportedInterfaceOrientations_iPhone = "UIInterfaceOrientationPortrait UIInterfaceOrientationLandscapeLeft UIInterfaceOrientationLandscapeRight";
				LD_RUNPATH_SEARCH_PATHS = (
					"$(inherited)",
					"@executable_path/Frameworks",
				);
				MARKETING_VERSION = 1.0;
				PRODUCT_BUNDLE_IDENTIFIER = sunnypan.PawMap;
				PRODUCT_NAME = "$(TARGET_NAME)";
				SWIFT_EMIT_LOC_STRINGS = YES;
				SWIFT_VERSION = 5.0;
				TARGETED_DEVICE_FAMILY = "1,2";
			};
			name = Debug;
		};
		D56AD7BA2E6A4C3A00103E54 /* Release */ = {
			isa = XCBuildConfiguration;
			buildSettings = {
				ASSETCATALOG_COMPILER_APPICON_NAME = AppIcon;
				ASSETCATALOG_COMPILER_GLOBAL_ACCENT_COLOR_NAME = AccentColor;
				CODE_SIGN_STYLE = Automatic;
				CURRENT_PROJECT_VERSION = 1;
				ENABLE_PREVIEWS = YES;
				GENERATE_INFOPLIST_FILE = YES;
				INFOPLIST_KEY_NSLocationAlwaysAndWhenInUseUsageDescription = "PawMap needs access to your location to show nearby dog-friendly places and help you find the best spots for you and your furry friend.";
				INFOPLIST_KEY_NSLocationWhenInUseUsageDescription = "PawMap needs access to your location to show nearby dog-friendly places and help you find the best spots for you and your furry friend.";
				INFOPLIST_KEY_UIApplicationSceneManifest_Generation = YES;
				INFOPLIST_KEY_UIApplicationSupportsIndirectInputEvents = YES;
				INFOPLIST_KEY_UILaunchScreen_Generation = YES;
				INFOPLIST_KEY_UISupportedInterfaceOrientations_iPad = "UIInterfaceOrientationPortrait UIInterfaceOrientationPortraitUpsideDown UIInterfaceOrientationLandscapeLeft UIInterfaceOrientationLandscapeRight";
				INFOPLIST_KEY_UISupportedInterfaceOrientations_iPhone = "UIInterfaceOrientationPortrait UIInterfaceOrientationLandscapeLeft UIInterfaceOrientationLandscapeRight";
				LD_RUNPATH_SEARCH_PATHS = (
					"$(inherited)",
					"@executable_path/Frameworks",
				);
				MARKETING_VERSION = 1.0;
				PRODUCT_BUNDLE_IDENTIFIER = sunnypan.PawMap;
				PRODUCT_NAME = "$(TARGET_NAME)";
				SWIFT_EMIT_LOC_STRINGS = YES;
				SWIFT_VERSION = 5.0;
				TARGETED_DEVICE_FAMILY = "1,2";
			};
			name = Release;
		};
		D56AD7BC2E6A4C3A00103E54 /* Debug */ = {
			isa = XCBuildConfiguration;
			buildSettings = {
				BUNDLE_LOADER = "$(TEST_HOST)";
				CODE_SIGN_STYLE = Automatic;
				CURRENT_PROJECT_VERSION = 1;
				GENERATE_INFOPLIST_FILE = YES;
				IPHONEOS_DEPLOYMENT_TARGET = 18.5;
				MARKETING_VERSION = 1.0;
				PRODUCT_BUNDLE_IDENTIFIER = sunnypan.PawMapTests;
				PRODUCT_NAME = "$(TARGET_NAME)";
				SWIFT_EMIT_LOC_STRINGS = NO;
				SWIFT_VERSION = 5.0;
				TARGETED_DEVICE_FAMILY = "1,2";
				TEST_HOST = "$(BUILT_PRODUCTS_DIR)/PawMap.app/$(BUNDLE_EXECUTABLE_FOLDER_PATH)/PawMap";
			};
			name = Debug;
		};
		D56AD7BD2E6A4C3A00103E54 /* Release */ = {
			isa = XCBuildConfiguration;
			buildSettings = {
				BUNDLE_LOADER = "$(TEST_HOST)";
				CODE_SIGN_STYLE = Automatic;
				CURRENT_PROJECT_VERSION = 1;
				GENERATE_INFOPLIST_FILE = YES;
				IPHONEOS_DEPLOYMENT_TARGET = 18.5;
				MARKETING_VERSION = 1.0;
				PRODUCT_BUNDLE_IDENTIFIER = sunnypan.PawMapTests;
				PRODUCT_NAME = "$(TARGET_NAME)";
				SWIFT_EMIT_LOC_STRINGS = NO;
				SWIFT_VERSION = 5.0;
				TARGETED_DEVICE_FAMILY = "1,2";
				TEST_HOST = "$(BUILT_PRODUCTS_DIR)/PawMap.app/$(BUNDLE_EXECUTABLE_FOLDER_PATH)/PawMap";
			};
			name = Release;
		};
		D56AD7BF2E6A4C3A00103E54 /* Debug */ = {
			isa = XCBuildConfiguration;
			buildSettings = {
				CODE_SIGN_STYLE = Automatic;
				CURRENT_PROJECT_VERSION = 1;
				GENERATE_INFOPLIST_FILE = YES;
				MARKETING_VERSION = 1.0;
				PRODUCT_BUNDLE_IDENTIFIER = sunnypan.PawMapUITests;
				PRODUCT_NAME = "$(TARGET_NAME)";
				SWIFT_EMIT_LOC_STRINGS = NO;
				SWIFT_VERSION = 5.0;
				TARGETED_DEVICE_FAMILY = "1,2";
				TEST_TARGET_NAME = PawMap;
			};
			name = Debug;
		};
		D56AD7C02E6A4C3A00103E54 /* Release */ = {
			isa = XCBuildConfiguration;
			buildSettings = {
				CODE_SIGN_STYLE = Automatic;
				CURRENT_PROJECT_VERSION = 1;
				GENERATE_INFOPLIST_FILE = YES;
				MARKETING_VERSION = 1.0;
				PRODUCT_BUNDLE_IDENTIFIER = sunnypan.PawMapUITests;
				PRODUCT_NAME = "$(TARGET_NAME)";
				SWIFT_EMIT_LOC_STRINGS = NO;
				SWIFT_VERSION = 5.0;
				TARGETED_DEVICE_FAMILY = "1,2";
				TEST_TARGET_NAME = PawMap;
			};
			name = Release;
		};
/* End XCBuildConfiguration section */

/* Begin XCConfigurationList section */
		D56AD7922E6A4C3900103E54 /* Build configuration list for PBXProject "PawMap" */ = {
			isa = XCConfigurationList;
			buildConfigurations = (
				D56AD7B62E6A4C3A00103E54 /* Debug */,
				D56AD7B72E6A4C3A00103E54 /* Release */,
			);
			defaultConfigurationIsVisible = 0;
			defaultConfigurationName = Release;
		};
		D56AD7B82E6A4C3A00103E54 /* Build configuration list for PBXNativeTarget "PawMap" */ = {
			isa = XCConfigurationList;
			buildConfigurations = (
				D56AD7B92E6A4C3A00103E54 /* Debug */,
				D56AD7BA2E6A4C3A00103E54 /* Release */,
			);
			defaultConfigurationIsVisible = 0;
			defaultConfigurationName = Release;
		};
		D56AD7BB2E6A4C3A00103E54 /* Build configuration list for PBXNativeTarget "PawMapTests" */ = {
			isa = XCConfigurationList;
			buildConfigurations = (
				D56AD7BC2E6A4C3A00103E54 /* Debug */,
				D56AD7BD2E6A4C3A00103E54 /* Release */,
			);
			defaultConfigurationIsVisible = 0;
			defaultConfigurationName = Release;
		};
		D56AD7BE2E6A4C3A00103E54 /* Build configuration list for PBXNativeTarget "PawMapUITests" */ = {
			isa = XCConfigurationList;
			buildConfigurations = (
				D56AD7BF2E6A4C3A00103E54 /* Debug */,
				D56AD7C02E6A4C3A00103E54 /* Release */,
			);
			defaultConfigurationIsVisible = 0;
			defaultConfigurationName = Release;
		};
/* End XCConfigurationList section */
	};
	rootObject = D56AD78F2E6A4C3900103E54 /* Project object */;
}
